
Microsoft Visual Studio Solution File, Format Version 12.00
# Visual Studio Version 17
VisualStudioVersion = 17.5.33516.290
MinimumVisualStudioVersion = 10.0.40219.1
Project("{FAE04EC0-301F-11D3-BF4B-00C04F79EFBC}") = "MagicVilla_VillaAPI", "MagicVilla_VillaAPI\MagicVilla_VillaAPI.csproj", "{D1872300-D89E-44E4-8D80-5C87DCA8D6AE}"
EndProject
Global
	GlobalSection(SolutionConfigurationPlatforms) = preSolution
		Debug|Any CPU = Debug|Any CPU
		Release|Any CPU = Release|Any CPU
	EndGlobalSection
	GlobalSection(ProjectConfigurationPlatforms) = postSolution
		{D1872300-D89E-44E4-8D80-5C87DCA8D6AE}.Debug|Any CPU.ActiveCfg = Debug|Any CPU
		{D1872300-D89E-44E4-8D80-5C87DCA8D6AE}.Debug|Any CPU.Build.0 = Debug|Any CPU
		{D1872300-D89E-44E4-8D80-5C87DCA8D6AE}.Release|Any CPU.ActiveCfg = Release|Any CPU
		{D1872300-D89E-44E4-8D80-5C87DCA8D6AE}.Release|Any CPU.Build.0 = Release|Any CPU
	EndGlobalSection
	GlobalSection(SolutionProperties) = preSolution
		HideSolutionNode = FALSE
	EndGlobalSection
	GlobalSection(ExtensibilityGlobals) = postSolution
		SolutionGuid = {EFDAA022-40BF-425D-83F0-9BB6C02583C7}
	EndGlobalSection
EndGlobal
